
Microsoft Visual Studio Solution File, Format Version 12.00
# Visual Studio Version 16
VisualStudioVersion = 16.0.31205.134
MinimumVisualStudioVersion = 10.0.40219.1
Project("{9A19103F-16F7-4668-BE54-9A1E7A4F7556}") = "KO.Covid.Api", "src\KO.Covid.Api\KO.Covid.Api.csproj", "{377B860B-1ADA-4E99-8E81-BCA9A8C5DBBA}"
EndProject
Project("{2150E333-8FDC-42A3-9474-1A3956D46DE8}") = "src", "src", "{99A80956-60E2-49BC-8815-384E8B6F7754}"
EndProject
Project("{2150E333-8FDC-42A3-9474-1A3956D46DE8}") = "test", "test", "{0F9FB794-2B64-4356-8820-2770E256CD1A}"
EndProject
Project("{9A19103F-16F7-4668-BE54-9A1E7A4F7556}") = "KO.Covid.Domain", "src\KO.Covid.Domain\KO.Covid.Domain.csproj", "{181605F3-DF4B-405C-8856-BAA20489F3DE}"
EndProject
Project("{9A19103F-16F7-4668-BE54-9A1E7A4F7556}") = "KO.Covid.Application", "src\KO.Covid.Application\KO.Covid.Application.csproj", "{EA03EF24-5DE2-43C9-98E7-1ED966B7C46F}"
EndProject
Project("{9A19103F-16F7-4668-BE54-9A1E7A4F7556}") = "KO.Covid.Infrastructure", "src\KO.Covid.Infrastructure\KO.Covid.Infrastructure.csproj", "{C1DFCF00-812C-4200-A825-237B7C6E1114}"
EndProject
Project("{9A19103F-16F7-4668-BE54-9A1E7A4F7556}") = "KO.Covid.Domain.Test", "test\KO.Covid.Domain.Test\KO.Covid.Domain.Test.csproj", "{6A8D53D4-81C9-4E97-AFF4-EADE97643D3F}"
EndProject
Project("{9A19103F-16F7-4668-BE54-9A1E7A4F7556}") = "KO.Covid.Subscriber", "src\KO.Covid.Subscriber\KO.Covid.Subscriber.csproj", "{0901206A-D5E9-45A1-86A6-B41E66838B8A}"
EndProject
Global
	GlobalSection(SolutionConfigurationPlatforms) = preSolution
		Debug|Any CPU = Debug|Any CPU
		Release|Any CPU = Release|Any CPU
	EndGlobalSection
	GlobalSection(ProjectConfigurationPlatforms) = postSolution
		{377B860B-1ADA-4E99-8E81-BCA9A8C5DBBA}.Debug|Any CPU.ActiveCfg = Debug|Any CPU
		{377B860B-1ADA-4E99-8E81-BCA9A8C5DBBA}.Debug|Any CPU.Build.0 = Debug|Any CPU
		{377B860B-1ADA-4E99-8E81-BCA9A8C5DBBA}.Release|Any CPU.ActiveCfg = Release|Any CPU
		{377B860B-1ADA-4E99-8E81-BCA9A8C5DBBA}.Release|Any CPU.Build.0 = Release|Any CPU
		{181605F3-DF4B-405C-8856-BAA20489F3DE}.Debug|Any CPU.ActiveCfg = Debug|Any CPU
		{181605F3-DF4B-405C-8856-BAA20489F3DE}.Debug|Any CPU.Build.0 = Debug|Any CPU
		{181605F3-DF4B-405C-8856-BAA20489F3DE}.Release|Any CPU.ActiveCfg = Release|Any CPU
		{181605F3-DF4B-405C-8856-BAA20489F3DE}.Release|Any CPU.Build.0 = Release|Any CPU
		{EA03EF24-5DE2-43C9-98E7-1ED966B7C46F}.Debug|Any CPU.ActiveCfg = Debug|Any CPU
		{EA03EF24-5DE2-43C9-98E7-1ED966B7C46F}.Debug|Any CPU.Build.0 = Debug|Any CPU
		{EA03EF24-5DE2-43C9-98E7-1ED966B7C46F}.Release|Any CPU.ActiveCfg = Release|Any CPU
		{EA03EF24-5DE2-43C9-98E7-1ED966B7C46F}.Release|Any CPU.Build.0 = Release|Any CPU
		{C1DFCF00-812C-4200-A825-237B7C6E1114}.Debug|Any CPU.ActiveCfg = Debug|Any CPU
		{C1DFCF00-812C-4200-A825-237B7C6E1114}.Debug|Any CPU.Build.0 = Debug|Any CPU
		{C1DFCF00-812C-4200-A825-237B7C6E1114}.Release|Any CPU.ActiveCfg = Release|Any CPU
		{C1DFCF00-812C-4200-A825-237B7C6E1114}.Release|Any CPU.Build.0 = Release|Any CPU
		{6A8D53D4-81C9-4E97-AFF4-EADE97643D3F}.Debug|Any CPU.ActiveCfg = Debug|Any CPU
		{6A8D53D4-81C9-4E97-AFF4-EADE97643D3F}.Debug|Any CPU.Build.0 = Debug|Any CPU
		{6A8D53D4-81C9-4E97-AFF4-EADE97643D3F}.Release|Any CPU.ActiveCfg = Release|Any CPU
		{6A8D53D4-81C9-4E97-AFF4-EADE97643D3F}.Release|Any CPU.Build.0 = Release|Any CPU
		{0901206A-D5E9-45A1-86A6-B41E66838B8A}.Debug|Any CPU.ActiveCfg = Debug|Any CPU
		{0901206A-D5E9-45A1-86A6-B41E66838B8A}.Debug|Any CPU.Build.0 = Debug|Any CPU
		{0901206A-D5E9-45A1-86A6-B41E66838B8A}.Release|Any CPU.ActiveCfg = Release|Any CPU
		{0901206A-D5E9-45A1-86A6-B41E66838B8A}.Release|Any CPU.Build.0 = Release|Any CPU
	EndGlobalSection
	GlobalSection(SolutionProperties) = preSolution
		HideSolutionNode = FALSE
	EndGlobalSection
	GlobalSection(NestedProjects) = preSolution
		{377B860B-1ADA-4E99-8E81-BCA9A8C5DBBA} = {99A80956-60E2-49BC-8815-384E8B6F7754}
		{181605F3-DF4B-405C-8856-BAA20489F3DE} = {99A80956-60E2-49BC-8815-384E8B6F7754}
		{EA03EF24-5DE2-43C9-98E7-1ED966B7C46F} = {99A80956-60E2-49BC-8815-384E8B6F7754}
		{C1DFCF00-812C-4200-A825-237B7C6E1114} = {99A80956-60E2-49BC-8815-384E8B6F7754}
		{6A8D53D4-81C9-4E97-AFF4-EADE97643D3F} = {0F9FB794-2B64-4356-8820-2770E256CD1A}
		{0901206A-D5E9-45A1-86A6-B41E66838B8A} = {99A80956-60E2-49BC-8815-384E8B6F7754}
	EndGlobalSection
	GlobalSection(ExtensibilityGlobals) = postSolution
		SolutionGuid = {DE4BE1CC-640D-4922-A451-82F8887734F7}
	EndGlobalSection
EndGlobal
